
Microsoft Visual Studio Solution File, Format Version 12.00
# Visual Studio Version 17
VisualStudioVersion = 17.11.35431.28
MinimumVisualStudioVersion = 10.0.40219.1
Project("{FAE04EC0-301F-11D3-BF4B-00C04F79EFBC}") = "MilkStore", "MilkStore.csproj", "{65031E44-B33C-4CEF-9729-48E12AC54358}"
EndProject
Global
	GlobalSection(SolutionConfigurationPlatforms) = preSolution
		Debug|Any CPU = Debug|Any CPU
		Release|Any CPU = Release|Any CPU
	EndGlobalSection
	GlobalSection(ProjectConfigurationPlatforms) = postSolution
		{65031E44-B33C-4CEF-9729-48E12AC54358}.Debug|Any CPU.ActiveCfg = Debug|Any CPU
		{65031E44-B33C-4CEF-9729-48E12AC54358}.Debug|Any CPU.Build.0 = Debug|Any CPU
		{65031E44-B33C-4CEF-9729-48E12AC54358}.Release|Any CPU.ActiveCfg = Release|Any CPU
		{65031E44-B33C-4CEF-9729-48E12AC54358}.Release|Any CPU.Build.0 = Release|Any CPU
	EndGlobalSection
	GlobalSection(SolutionProperties) = preSolution
		HideSolutionNode = FALSE
	EndGlobalSection
	GlobalSection(ExtensibilityGlobals) = postSolution
		SolutionGuid = {640502F4-796E-44EC-81D5-D35889CC0EAC}
	EndGlobalSection
EndGlobal
